
Microsoft Visual Studio Solution File, Format Version 12.00
# Visual Studio Version 17
VisualStudioVersion = 17.12.35527.113 d17.12
MinimumVisualStudioVersion = 10.0.40219.1
Project("{FAE04EC0-301F-11D3-BF4B-00C04F79EFBC}") = "TestingCodes", "TestingCodes\TestingCodes.csproj", "{B01609D2-7034-4B58-9259-B343B44602C4}"
EndProject
Project("{FAE04EC0-301F-11D3-BF4B-00C04F79EFBC}") = "TestProject", "TestProject\TestProject.csproj", "{F9AF2766-AEB2-480F-909F-26CF876CD639}"
EndProject
Global
	GlobalSection(SolutionConfigurationPlatforms) = preSolution
		Debug|Any CPU = Debug|Any CPU
		Release|Any CPU = Release|Any CPU
	EndGlobalSection
	GlobalSection(ProjectConfigurationPlatforms) = postSolution
		{B01609D2-7034-4B58-9259-B343B44602C4}.Debug|Any CPU.ActiveCfg = Debug|Any CPU
		{B01609D2-7034-4B58-9259-B343B44602C4}.Debug|Any CPU.Build.0 = Debug|Any CPU
		{B01609D2-7034-4B58-9259-B343B44602C4}.Release|Any CPU.ActiveCfg = Release|Any CPU
		{B01609D2-7034-4B58-9259-B343B44602C4}.Release|Any CPU.Build.0 = Release|Any CPU
		{F9AF2766-AEB2-480F-909F-26CF876CD639}.Debug|Any CPU.ActiveCfg = Debug|Any CPU
		{F9AF2766-AEB2-480F-909F-26CF876CD639}.Debug|Any CPU.Build.0 = Debug|Any CPU
		{F9AF2766-AEB2-480F-909F-26CF876CD639}.Release|Any CPU.ActiveCfg = Release|Any CPU
		{F9AF2766-AEB2-480F-909F-26CF876CD639}.Release|Any CPU.Build.0 = Release|Any CPU
	EndGlobalSection
	GlobalSection(SolutionProperties) = preSolution
		HideSolutionNode = FALSE
	EndGlobalSection
EndGlobal
